
Microsoft Visual Studio Solution File, Format Version 12.00
# Visual Studio Version 17
VisualStudioVersion = 17.8.34408.163
MinimumVisualStudioVersion = 10.0.40219.1
Project("{9A19103F-16F7-4668-BE54-9A1E7A4F7556}") = "InputTesterApp", "InputTesterApp.csproj", "{F139A0CC-EE37-4A50-8BC3-064163654068}"
EndProject
Global
	GlobalSection(SolutionConfigurationPlatforms) = preSolution
		Debug|Any CPU = Debug|Any CPU
		Release|Any CPU = Release|Any CPU
	EndGlobalSection
	GlobalSection(ProjectConfigurationPlatforms) = postSolution
		{F139A0CC-EE37-4A50-8BC3-064163654068}.Debug|Any CPU.ActiveCfg = Debug|Any CPU
		{F139A0CC-EE37-4A50-8BC3-064163654068}.Debug|Any CPU.Build.0 = Debug|Any CPU
		{F139A0CC-EE37-4A50-8BC3-064163654068}.Release|Any CPU.ActiveCfg = Release|Any CPU
		{F139A0CC-EE37-4A50-8BC3-064163654068}.Release|Any CPU.Build.0 = Release|Any CPU
	EndGlobalSection
	GlobalSection(SolutionProperties) = preSolution
		HideSolutionNode = FALSE
	EndGlobalSection
	GlobalSection(ExtensibilityGlobals) = postSolution
		SolutionGuid = {30903475-5B5F-4908-91D8-3A2652904650}
	EndGlobalSection
EndGlobal
